
Microsoft Visual Studio Solution File, Format Version 12.00
# Visual Studio Version 17
VisualStudioVersion = 17.4.33205.214
MinimumVisualStudioVersion = 10.0.40219.1
Project("{FAE04EC0-301F-11D3-BF4B-00C04F79EFBC}") = "ExampleCore2", "ExampleCore2\ExampleCore2.csproj", "{414E4F75-0394-4C1F-8D26-F2D3A70E5E1C}"
EndProject
Global
	GlobalSection(SolutionConfigurationPlatforms) = preSolution
		Debug|Any CPU = Debug|Any CPU
		Release|Any CPU = Release|Any CPU
	EndGlobalSection
	GlobalSection(ProjectConfigurationPlatforms) = postSolution
		{414E4F75-0394-4C1F-8D26-F2D3A70E5E1C}.Debug|Any CPU.ActiveCfg = Debug|Any CPU
		{414E4F75-0394-4C1F-8D26-F2D3A70E5E1C}.Debug|Any CPU.Build.0 = Debug|Any CPU
		{414E4F75-0394-4C1F-8D26-F2D3A70E5E1C}.Release|Any CPU.ActiveCfg = Release|Any CPU
		{414E4F75-0394-4C1F-8D26-F2D3A70E5E1C}.Release|Any CPU.Build.0 = Release|Any CPU
	EndGlobalSection
	GlobalSection(SolutionProperties) = preSolution
		HideSolutionNode = FALSE
	EndGlobalSection
	GlobalSection(ExtensibilityGlobals) = postSolution
		SolutionGuid = {5B2D091C-E275-478D-9B97-EC961749BC07}
	EndGlobalSection
EndGlobal
